
Microsoft Visual Studio Solution File, Format Version 12.00
# Visual Studio Version 17
VisualStudioVersion = 17.13.35931.197 d17.13
MinimumVisualStudioVersion = 10.0.40219.1
Project("{FAE04EC0-301F-11D3-BF4B-00C04F79EFBC}") = "PRN212_Assignment", "PRN212_Assignment\PRN212_Assignment.csproj", "{50755158-3C30-43E1-AF6D-52DD680B5FCD}"
EndProject
Global
	GlobalSection(SolutionConfigurationPlatforms) = preSolution
		Debug|Any CPU = Debug|Any CPU
		Release|Any CPU = Release|Any CPU
	EndGlobalSection
	GlobalSection(ProjectConfigurationPlatforms) = postSolution
		{50755158-3C30-43E1-AF6D-52DD680B5FCD}.Debug|Any CPU.ActiveCfg = Debug|Any CPU
		{50755158-3C30-43E1-AF6D-52DD680B5FCD}.Debug|Any CPU.Build.0 = Debug|Any CPU
		{50755158-3C30-43E1-AF6D-52DD680B5FCD}.Release|Any CPU.ActiveCfg = Release|Any CPU
		{50755158-3C30-43E1-AF6D-52DD680B5FCD}.Release|Any CPU.Build.0 = Release|Any CPU
	EndGlobalSection
	GlobalSection(SolutionProperties) = preSolution
		HideSolutionNode = FALSE
	EndGlobalSection
	GlobalSection(ExtensibilityGlobals) = postSolution
		SolutionGuid = {E919BF8C-B506-4C9F-8B2E-B2F62E401DA0}
	EndGlobalSection
EndGlobal
